
Microsoft Visual Studio Solution File, Format Version 12.00
# Visual Studio Version 17
VisualStudioVersion = 17.14.36915.13 d17.14
MinimumVisualStudioVersion = 10.0.40219.1
Project("{FAE04EC0-301F-11D3-BF4B-00C04F79EFBC}") = "ProyectoStreaming", "ProyectoStreaming\ProyectoStreaming.csproj", "{A11076D7-7366-4321-A71F-37720FE341B5}"
EndProject
Global
	GlobalSection(SolutionConfigurationPlatforms) = preSolution
		Debug|Any CPU = Debug|Any CPU
		Release|Any CPU = Release|Any CPU
	EndGlobalSection
	GlobalSection(ProjectConfigurationPlatforms) = postSolution
		{A11076D7-7366-4321-A71F-37720FE341B5}.Debug|Any CPU.ActiveCfg = Debug|Any CPU
		{A11076D7-7366-4321-A71F-37720FE341B5}.Debug|Any CPU.Build.0 = Debug|Any CPU
		{A11076D7-7366-4321-A71F-37720FE341B5}.Release|Any CPU.ActiveCfg = Release|Any CPU
		{A11076D7-7366-4321-A71F-37720FE341B5}.Release|Any CPU.Build.0 = Release|Any CPU
	EndGlobalSection
	GlobalSection(SolutionProperties) = preSolution
		HideSolutionNode = FALSE
	EndGlobalSection
	GlobalSection(ExtensibilityGlobals) = postSolution
		SolutionGuid = {F173B123-DE95-4695-8D43-B29687C3B592}
	EndGlobalSection
EndGlobal
